
Microsoft Visual Studio Solution File, Format Version 12.00
# Visual Studio 15
VisualStudioVersion = 15.0.26730.15
MinimumVisualStudioVersion = 10.0.40219.1
Project("{FAE04EC0-301F-11D3-BF4B-00C04F79EFBC}") = "Kata20171021_Codewars_BitCounting", "Kata20171021_Codewars_BitCounting\Kata20171021_Codewars_BitCounting.csproj", "{999773C0-C25D-4E5B-907C-BBFDEE4FA0AE}"
EndProject
Global
	GlobalSection(SolutionConfigurationPlatforms) = preSolution
		Debug|Any CPU = Debug|Any CPU
		Release|Any CPU = Release|Any CPU
	EndGlobalSection
	GlobalSection(ProjectConfigurationPlatforms) = postSolution
		{999773C0-C25D-4E5B-907C-BBFDEE4FA0AE}.Debug|Any CPU.ActiveCfg = Debug|Any CPU
		{999773C0-C25D-4E5B-907C-BBFDEE4FA0AE}.Debug|Any CPU.Build.0 = Debug|Any CPU
		{999773C0-C25D-4E5B-907C-BBFDEE4FA0AE}.Release|Any CPU.ActiveCfg = Release|Any CPU
		{999773C0-C25D-4E5B-907C-BBFDEE4FA0AE}.Release|Any CPU.Build.0 = Release|Any CPU
	EndGlobalSection
	GlobalSection(SolutionProperties) = preSolution
		HideSolutionNode = FALSE
	EndGlobalSection
	GlobalSection(ExtensibilityGlobals) = postSolution
		SolutionGuid = {03D2CAE9-E1E3-430C-8CD9-12738CFA79A0}
	EndGlobalSection
EndGlobal
